
Microsoft Visual Studio Solution File, Format Version 12.00
# Visual Studio Version 17
VisualStudioVersion = 17.6.33829.357
MinimumVisualStudioVersion = 10.0.40219.1
Project("{FAE04EC0-301F-11D3-BF4B-00C04F79EFBC}") = "DriversUtils", "DriversUtils\DriversUtils.csproj", "{394B34C4-AF92-435E-B1D5-5C180350C339}"
EndProject
Global
	GlobalSection(SolutionConfigurationPlatforms) = preSolution
		Debug|Any CPU = Debug|Any CPU
		Release|Any CPU = Release|Any CPU
	EndGlobalSection
	GlobalSection(ProjectConfigurationPlatforms) = postSolution
		{394B34C4-AF92-435E-B1D5-5C180350C339}.Debug|Any CPU.ActiveCfg = Debug|Any CPU
		{394B34C4-AF92-435E-B1D5-5C180350C339}.Debug|Any CPU.Build.0 = Debug|Any CPU
		{394B34C4-AF92-435E-B1D5-5C180350C339}.Release|Any CPU.ActiveCfg = Release|Any CPU
		{394B34C4-AF92-435E-B1D5-5C180350C339}.Release|Any CPU.Build.0 = Release|Any CPU
	EndGlobalSection
	GlobalSection(SolutionProperties) = preSolution
		HideSolutionNode = FALSE
	EndGlobalSection
	GlobalSection(ExtensibilityGlobals) = postSolution
		SolutionGuid = {DA2F4B07-82AC-44D9-B818-E1276C63D14F}
	EndGlobalSection
EndGlobal
